lockfileVersion: '9.0'

settings:
  autoInstallPeers: true
  excludeLinksFromLockfile: false

importers:

  .:
    devDependencies:
      turbo:
        specifier: ^2.0.10-canary.2
        version: 2.0.10-canary.2

  apps/apps-a:
    dependencies:
      pkg-a:
        specifier: workspace:*
        version: link:../../packages/pkg-a
      tooling-config:
        specifier: workspace:*
        version: link:../../packages/tooling-config

  apps/apps-b:
    dependencies:
      tooling-config:
        specifier: workspace:*
        version: link:../../packages/tooling-config

  packages/pkg-a:
    dependencies:
      tooling-config:
        specifier: workspace:*
        version: link:../tooling-config

  packages/pkg-b:
    dependencies:
      tooling-config:
        specifier: workspace:*
        version: link:../tooling-config

  packages/tooling-config: {}

packages:

  turbo-darwin-64@2.0.10-canary.2:
    resolution: {integrity: sha512-HB6bSvGbDCyvzib6kO17WiapdwfN+Ayr8WnFGYFp82wAzeouTvK454rv/HpLUJ2HoBk3mFDwoiGS+B8aJAIPTg==}
    cpu: [x64]
    os: [darwin]

  turbo-darwin-arm64@2.0.10-canary.2:
    resolution: {integrity: sha512-PrpAc2DKGFyXKzql9cydtRS1VOUJeQFBtDyaJjXJY8yhC8S2fxCuD8P8l21Fz+gZ2MqdiNx854SjJIJ9AlKEbg==}
    cpu: [arm64]
    os: [darwin]

  turbo-linux-64@2.0.10-canary.2:
    resolution: {integrity: sha512-x8u69uAHv4kgKCWYqbPpyc4hnuzAd/FF7cedxhdrLXnT+NkUj/NCn2kHw4TNeqXCwjeF4Md8GaDItuqkgAc7tw==}
    cpu: [x64]
    os: [linux]

  turbo-linux-arm64@2.0.10-canary.2:
    resolution: {integrity: sha512-mcSnpsTD7ZiPaH09SIVZxJFRCGnCW2oaS4CH78SCkCUm0AkPPCixew7dJyBvD7ZO1Q3og3vIRBfxuexWEd0LyQ==}
    cpu: [arm64]
    os: [linux]

  turbo-windows-64@2.0.10-canary.2:
    resolution: {integrity: sha512-x3DbsW5tVU1CT9uuxUIz/dstWiIV4ecusMSqjC0wRKQnVU3Llsr6VN0dhiE935Mw1kasJwsgZXj4/OtQ9NrJ4A==}
    cpu: [x64]
    os: [win32]

  turbo-windows-arm64@2.0.10-canary.2:
    resolution: {integrity: sha512-A28VwiPLmROVfyY5WEL6KruQfPgM6+hEj2NFWfrXUmX3zfhD+PL/3E5+k7UsKuB+jkWdB8Dm7QNd0oWLkFCr6w==}
    cpu: [arm64]
    os: [win32]

  turbo@2.0.10-canary.2:
    resolution: {integrity: sha512-/9InVymetnM1QQxs0IupIiNe2ND15fM6UeDM/hT/HmzvnGlfBHxl6No7QNi2GPLwLtPUkDuBcXYQ63gsEjeKDw==}
    hasBin: true

snapshots:

  turbo-darwin-64@2.0.10-canary.2:
    optional: true

  turbo-darwin-arm64@2.0.10-canary.2:
    optional: true

  turbo-linux-64@2.0.10-canary.2:
    optional: true

  turbo-linux-arm64@2.0.10-canary.2:
    optional: true

  turbo-windows-64@2.0.10-canary.2:
    optional: true

  turbo-windows-arm64@2.0.10-canary.2:
    optional: true

  turbo@2.0.10-canary.2:
    optionalDependencies:
      turbo-darwin-64: 2.0.10-canary.2
      turbo-darwin-arm64: 2.0.10-canary.2
      turbo-linux-64: 2.0.10-canary.2
      turbo-linux-arm64: 2.0.10-canary.2
      turbo-windows-64: 2.0.10-canary.2
      turbo-windows-arm64: 2.0.10-canary.2
